
Microsoft Visual Studio Solution File, Format Version 12.00
# Visual Studio 15
VisualStudioVersion = 15.0.26430.16
MinimumVisualStudioVersion = 10.0.40219.1
Project("{FAE04EC0-301F-11D3-BF4B-00C04F79EFBC}") = "01. CountRealNumbers", "01. CountRealNumbers\01. CountRealNumbers.csproj", "{A6D3718E-47CA-4EC7-9C90-D679D57BA1FA}"
EndProject
Project("{FAE04EC0-301F-11D3-BF4B-00C04F79EFBC}") = "02. OddOccurrences", "02. OddOccurrences\02. OddOccurrences.csproj", "{4CD92202-DD16-4455-8590-DDA878B76E07}"
EndProject
Project("{FAE04EC0-301F-11D3-BF4B-00C04F79EFBC}") = "03. MinMaxSumAverage", "03. MinMaxSumAverage\03. MinMaxSumAverage.csproj", "{6CBB9F30-0599-42A6-8414-A602EF168EF9}"
EndProject
Project("{FAE04EC0-301F-11D3-BF4B-00C04F79EFBC}") = "04. Largest3Numbers", "04. Largest3Numbers\04. Largest3Numbers.csproj", "{34D5E9C8-F6CE-4B40-A2A7-06D91FD38691}"
EndProject
Project("{FAE04EC0-301F-11D3-BF4B-00C04F79EFBC}") = "05. ShortWordsSorted", "05. ShortWordsSorted\05. ShortWordsSorted.csproj", "{3053979F-3E1F-4961-9646-50F0F50F736F}"
EndProject
Project("{FAE04EC0-301F-11D3-BF4B-00C04F79EFBC}") = "06. FoldAndSum", "06. FoldAndSum\06. FoldAndSum.csproj", "{DF39C074-4347-408B-A74C-7BB299993D33}"
EndProject
Global
	GlobalSection(SolutionConfigurationPlatforms) = preSolution
		Debug|Any CPU = Debug|Any CPU
		Release|Any CPU = Release|Any CPU
	EndGlobalSection
	GlobalSection(ProjectConfigurationPlatforms) = postSolution
		{A6D3718E-47CA-4EC7-9C90-D679D57BA1FA}.Debug|Any CPU.ActiveCfg = Debug|Any CPU
		{A6D3718E-47CA-4EC7-9C90-D679D57BA1FA}.Debug|Any CPU.Build.0 = Debug|Any CPU
		{A6D3718E-47CA-4EC7-9C90-D679D57BA1FA}.Release|Any CPU.ActiveCfg = Release|Any CPU
		{A6D3718E-47CA-4EC7-9C90-D679D57BA1FA}.Release|Any CPU.Build.0 = Release|Any CPU
		{4CD92202-DD16-4455-8590-DDA878B76E07}.Debug|Any CPU.ActiveCfg = Debug|Any CPU
		{4CD92202-DD16-4455-8590-DDA878B76E07}.Debug|Any CPU.Build.0 = Debug|Any CPU
		{4CD92202-DD16-4455-8590-DDA878B76E07}.Release|Any CPU.ActiveCfg = Release|Any CPU
		{4CD92202-DD16-4455-8590-DDA878B76E07}.Release|Any CPU.Build.0 = Release|Any CPU
		{6CBB9F30-0599-42A6-8414-A602EF168EF9}.Debug|Any CPU.ActiveCfg = Debug|Any CPU
		{6CBB9F30-0599-42A6-8414-A602EF168EF9}.Debug|Any CPU.Build.0 = Debug|Any CPU
		{6CBB9F30-0599-42A6-8414-A602EF168EF9}.Release|Any CPU.ActiveCfg = Release|Any CPU
		{6CBB9F30-0599-42A6-8414-A602EF168EF9}.Release|Any CPU.Build.0 = Release|Any CPU
		{34D5E9C8-F6CE-4B40-A2A7-06D91FD38691}.Debug|Any CPU.ActiveCfg = Debug|Any CPU
		{34D5E9C8-F6CE-4B40-A2A7-06D91FD38691}.Debug|Any CPU.Build.0 = Debug|Any CPU
		{34D5E9C8-F6CE-4B40-A2A7-06D91FD38691}.Release|Any CPU.ActiveCfg = Release|Any CPU
		{34D5E9C8-F6CE-4B40-A2A7-06D91FD38691}.Release|Any CPU.Build.0 = Release|Any CPU
		{3053979F-3E1F-4961-9646-50F0F50F736F}.Debug|Any CPU.ActiveCfg = Debug|Any CPU
		{3053979F-3E1F-4961-9646-50F0F50F736F}.Debug|Any CPU.Build.0 = Debug|Any CPU
		{3053979F-3E1F-4961-9646-50F0F50F736F}.Release|Any CPU.ActiveCfg = Release|Any CPU
		{3053979F-3E1F-4961-9646-50F0F50F736F}.Release|Any CPU.Build.0 = Release|Any CPU
		{DF39C074-4347-408B-A74C-7BB299993D33}.Debug|Any CPU.ActiveCfg = Debug|Any CPU
		{DF39C074-4347-408B-A74C-7BB299993D33}.Debug|Any CPU.Build.0 = Debug|Any CPU
		{DF39C074-4347-408B-A74C-7BB299993D33}.Release|Any CPU.ActiveCfg = Release|Any CPU
		{DF39C074-4347-408B-A74C-7BB299993D33}.Release|Any CPU.Build.0 = Release|Any CPU
	EndGlobalSection
	GlobalSection(SolutionProperties) = preSolution
		HideSolutionNode = FALSE
	EndGlobalSection
EndGlobal
